
Microsoft Visual Studio Solution File, Format Version 12.00
# Visual Studio Version 17
VisualStudioVersion = 17.14.36518.9
MinimumVisualStudioVersion = 10.0.40219.1
Project("{FAE04EC0-301F-11D3-BF4B-00C04F79EFBC}") = "p5rpc.flowutils", "p5rpc.flowutils\p5rpc.flowutils.csproj", "{EE5D2665-0147-4020-B2C3-EB2605BEB122}"
EndProject
Project("{FAE04EC0-301F-11D3-BF4B-00C04F79EFBC}") = "p5rpc.flowutils.customsavedata", "p5rpc.flowutils.customsavedata\p5rpc.flowutils.customsavedata.csproj", "{60BC1DD5-3646-46C7-9710-F4D3048BAA30}"
EndProject
Global
	GlobalSection(SolutionConfigurationPlatforms) = preSolution
		Debug|Any CPU = Debug|Any CPU
		Release|Any CPU = Release|Any CPU
	EndGlobalSection
	GlobalSection(ProjectConfigurationPlatforms) = postSolution
		{EE5D2665-0147-4020-B2C3-EB2605BEB122}.Debug|Any CPU.ActiveCfg = Debug|Any CPU
		{EE5D2665-0147-4020-B2C3-EB2605BEB122}.Debug|Any CPU.Build.0 = Debug|Any CPU
		{EE5D2665-0147-4020-B2C3-EB2605BEB122}.Release|Any CPU.ActiveCfg = Release|Any CPU
		{EE5D2665-0147-4020-B2C3-EB2605BEB122}.Release|Any CPU.Build.0 = Release|Any CPU
		{60BC1DD5-3646-46C7-9710-F4D3048BAA30}.Debug|Any CPU.ActiveCfg = Debug|Any CPU
		{60BC1DD5-3646-46C7-9710-F4D3048BAA30}.Debug|Any CPU.Build.0 = Debug|Any CPU
		{60BC1DD5-3646-46C7-9710-F4D3048BAA30}.Release|Any CPU.ActiveCfg = Release|Any CPU
		{60BC1DD5-3646-46C7-9710-F4D3048BAA30}.Release|Any CPU.Build.0 = Release|Any CPU
	EndGlobalSection
	GlobalSection(SolutionProperties) = preSolution
		HideSolutionNode = FALSE
	EndGlobalSection
	GlobalSection(ExtensibilityGlobals) = postSolution
		SolutionGuid = {66FAE421-4550-49A8-A90C-0531D5E741D8}
	EndGlobalSection
EndGlobal
